<?xml version="1.0" encoding="utf-8"?>
<Project ToolsVersion="4.0" xmlns="http://schemas.microsoft.com/developer/msbuild/2003">
  <ItemGroup>
    <Filter Include="Source Files">
      <UniqueIdentifier>{0078797d-4079-46cb-b584-557d4d2c7de2}</UniqueIdentifier>
      <Extensions>cpp;c;cxx;def;odl;idl;hpj;bat;asm;asmx</Extensions>
    </Filter>
    <Filter Include="Header Files">
      <UniqueIdentifier>{91cbf45a-4183-40d9-8013-2c353b4196b1}</UniqueIdentifier>
      <Extensions>h;hpp;hxx;hm;inl;inc;xsd</Extensions>
    </Filter>
    <Filter Include="Resource Files">
      <UniqueIdentifier>{e2c870e0-1727-48f8-ad2c-6d5a17201770}</UniqueIdentifier>
      <Extensions>rc;ico;cur;bmp;dlg;rc2;rct;bin;rgs;gif;jpg;jpeg;jpe;resx;png;ribbonx</Extensions>
    </Filter>
    <Filter Include="Help Files">
      <UniqueIdentifier>{d79f999a-5ef4-437f-a4d4-defdb6334b7b}</UniqueIdentifier>
      <Extensions>xml;htm;html;chm</Extensions>
    </Filter>
  </ItemGroup>
  <ItemGroup>
    <Text Include="ReadMe.txt" />
  </ItemGroup>
  <ItemGroup>
    <ClInclude Include="QL_Containers.h">
      <Filter>Header Files</Filter>
    </ClInclude>
    <ClInclude Include="resource.h">
      <Filter>Header Files</Filter>
    </ClInclude>
    <ClInclude Include="ql_adapter.h">
      <Filter>Header Files</Filter>
    </ClInclude>
  </ItemGroup>
  <ItemGroup>
    <ClCompile Include="QL_Containers.cpp">
      <Filter>Source Files</Filter>
    </ClCompile>
  </ItemGroup>
  <ItemGroup>
    <None Include="QL_Containers.def">
      <Filter>Source Files</Filter>
    </None>
  </ItemGroup>
  <ItemGroup>
    <ResourceCompile Include="QL_Containers.rc">
      <Filter>Resource Files</Filter>
    </ResourceCompile>
  </ItemGroup>
  <ItemGroup>
    <CustomBuild Include="Help\QL_Containers.help.xml">
      <Filter>Help Files</Filter>
    </CustomBuild>
    <CustomBuild Include="Help\bin\QL_Containers.chm">
      <Filter>Help Files</Filter>
    </CustomBuild>
    <CustomBuild Include="Help\bin\QL_Containers.intellisense.xml">
      <Filter>Help Files</Filter>
    </CustomBuild>
  </ItemGroup>
</Project>